
Microsoft Visual Studio Solution File, Format Version 12.00
# Visual Studio Version 17
VisualStudioVersion = 17.1.32319.34
MinimumVisualStudioVersion = 10.0.40219.1
Project("{FAE04EC0-301F-11D3-BF4B-00C04F79EFBC}") = "GeoFlat.Server", "GeoFlat.Server\GeoFlat.Server.csproj", "{CCC7711B-2D38-4D41-8517-7DBF905EDB5D}"
EndProject
Project("{FAE04EC0-301F-11D3-BF4B-00C04F79EFBC}") = "GeoFlat.Server.Tests", "GeoFlat.Server.Tests\GeoFlat.Server.Tests.csproj", "{F9C7F706-EA17-4D7A-9461-469CB0785D59}"
EndProject
Global
	GlobalSection(SolutionConfigurationPlatforms) = preSolution
		Debug|Any CPU = Debug|Any CPU
		Release|Any CPU = Release|Any CPU
	EndGlobalSection
	GlobalSection(ProjectConfigurationPlatforms) = postSolution
		{CCC7711B-2D38-4D41-8517-7DBF905EDB5D}.Debug|Any CPU.ActiveCfg = Debug|Any CPU
		{CCC7711B-2D38-4D41-8517-7DBF905EDB5D}.Debug|Any CPU.Build.0 = Debug|Any CPU
		{CCC7711B-2D38-4D41-8517-7DBF905EDB5D}.Release|Any CPU.ActiveCfg = Release|Any CPU
		{CCC7711B-2D38-4D41-8517-7DBF905EDB5D}.Release|Any CPU.Build.0 = Release|Any CPU
		{F9C7F706-EA17-4D7A-9461-469CB0785D59}.Debug|Any CPU.ActiveCfg = Debug|Any CPU
		{F9C7F706-EA17-4D7A-9461-469CB0785D59}.Debug|Any CPU.Build.0 = Debug|Any CPU
		{F9C7F706-EA17-4D7A-9461-469CB0785D59}.Release|Any CPU.ActiveCfg = Release|Any CPU
		{F9C7F706-EA17-4D7A-9461-469CB0785D59}.Release|Any CPU.Build.0 = Release|Any CPU
	EndGlobalSection
	GlobalSection(SolutionProperties) = preSolution
		HideSolutionNode = FALSE
	EndGlobalSection
	GlobalSection(ExtensibilityGlobals) = postSolution
		SolutionGuid = {766BCC31-534A-427C-BC95-5CEB777686A8}
	EndGlobalSection
EndGlobal
